
Microsoft Visual Studio Solution File, Format Version 12.00
Project("{FAE04EC0-301F-11D3-BF4B-00C04F79EFBC}") = "Todo.DataAccess", "DataAccess\Todo.DataAccess\Todo.DataAccess.csproj", "{69F4D8AB-53FB-4978-83B1-685E20291910}"
EndProject
Project("{FAE04EC0-301F-11D3-BF4B-00C04F79EFBC}") = "Todo.Business", "Business\Todo.Business\Todo.Business.csproj", "{96708534-AA30-448A-9303-52BD16480328}"
EndProject
Project("{FAE04EC0-301F-11D3-BF4B-00C04F79EFBC}") = "Todo.Entities", "DataAccess\Todo.Entities\Todo.Entities.csproj", "{8244D2C3-231B-4566-B0E1-CDA0D492978C}"
EndProject
Project("{FAE04EC0-301F-11D3-BF4B-00C04F79EFBC}") = "TodoApp.DTOs", "Business\TodoApp.DTOs\TodoApp.DTOs.csproj", "{BEF1401B-7FB2-4BBD-9DD6-387DD0716408}"
EndProject
Project("{2150E333-8FDC-42A3-9474-1A3956D46DE8}") = "DataAccess", "DataAccess", "{87CBEC69-E1ED-4C4C-8BA2-6B9B4BE572DC}"
EndProject
Project("{2150E333-8FDC-42A3-9474-1A3956D46DE8}") = "Business", "Business", "{4F733432-9B5E-41DA-B640-0AA76127DE3C}"
EndProject
Project("{2150E333-8FDC-42A3-9474-1A3956D46DE8}") = "TodoApp.UI", "TodoApp.UI", "{440BFB58-EF5A-44B9-8821-F7B2352DA923}"
EndProject
Project("{FAE04EC0-301F-11D3-BF4B-00C04F79EFBC}") = "TodoApp.UI", "UI\TodoApp.UI\TodoApp.UI.csproj", "{D1DB3894-8FA8-4E5A-BEB3-9ECA3F6CA7C1}"
EndProject
Project("{2150E333-8FDC-42A3-9474-1A3956D46DE8}") = "Common", "Common", "{8C081078-CE0C-42ED-83AA-B5154933CC99}"
EndProject
Project("{FAE04EC0-301F-11D3-BF4B-00C04F79EFBC}") = "TodoApp.Common", "Common\TodoApp.Common\TodoApp.Common.csproj", "{6ECB7A21-30F1-4FF7-9499-2E81C48B880C}"
EndProject
Global
	GlobalSection(SolutionConfigurationPlatforms) = preSolution
		Debug|Any CPU = Debug|Any CPU
		Release|Any CPU = Release|Any CPU
	EndGlobalSection
	GlobalSection(ProjectConfigurationPlatforms) = postSolution
		{69F4D8AB-53FB-4978-83B1-685E20291910}.Debug|Any CPU.ActiveCfg = Debug|Any CPU
		{69F4D8AB-53FB-4978-83B1-685E20291910}.Debug|Any CPU.Build.0 = Debug|Any CPU
		{69F4D8AB-53FB-4978-83B1-685E20291910}.Release|Any CPU.ActiveCfg = Release|Any CPU
		{69F4D8AB-53FB-4978-83B1-685E20291910}.Release|Any CPU.Build.0 = Release|Any CPU
		{96708534-AA30-448A-9303-52BD16480328}.Debug|Any CPU.ActiveCfg = Debug|Any CPU
		{96708534-AA30-448A-9303-52BD16480328}.Debug|Any CPU.Build.0 = Debug|Any CPU
		{96708534-AA30-448A-9303-52BD16480328}.Release|Any CPU.ActiveCfg = Release|Any CPU
		{96708534-AA30-448A-9303-52BD16480328}.Release|Any CPU.Build.0 = Release|Any CPU
		{8244D2C3-231B-4566-B0E1-CDA0D492978C}.Debug|Any CPU.ActiveCfg = Debug|Any CPU
		{8244D2C3-231B-4566-B0E1-CDA0D492978C}.Debug|Any CPU.Build.0 = Debug|Any CPU
		{8244D2C3-231B-4566-B0E1-CDA0D492978C}.Release|Any CPU.ActiveCfg = Release|Any CPU
		{8244D2C3-231B-4566-B0E1-CDA0D492978C}.Release|Any CPU.Build.0 = Release|Any CPU
		{BEF1401B-7FB2-4BBD-9DD6-387DD0716408}.Debug|Any CPU.ActiveCfg = Debug|Any CPU
		{BEF1401B-7FB2-4BBD-9DD6-387DD0716408}.Debug|Any CPU.Build.0 = Debug|Any CPU
		{BEF1401B-7FB2-4BBD-9DD6-387DD0716408}.Release|Any CPU.ActiveCfg = Release|Any CPU
		{BEF1401B-7FB2-4BBD-9DD6-387DD0716408}.Release|Any CPU.Build.0 = Release|Any CPU
		{D1DB3894-8FA8-4E5A-BEB3-9ECA3F6CA7C1}.Debug|Any CPU.ActiveCfg = Debug|Any CPU
		{D1DB3894-8FA8-4E5A-BEB3-9ECA3F6CA7C1}.Debug|Any CPU.Build.0 = Debug|Any CPU
		{D1DB3894-8FA8-4E5A-BEB3-9ECA3F6CA7C1}.Release|Any CPU.ActiveCfg = Release|Any CPU
		{D1DB3894-8FA8-4E5A-BEB3-9ECA3F6CA7C1}.Release|Any CPU.Build.0 = Release|Any CPU
		{6ECB7A21-30F1-4FF7-9499-2E81C48B880C}.Debug|Any CPU.ActiveCfg = Debug|Any CPU
		{6ECB7A21-30F1-4FF7-9499-2E81C48B880C}.Debug|Any CPU.Build.0 = Debug|Any CPU
		{6ECB7A21-30F1-4FF7-9499-2E81C48B880C}.Release|Any CPU.ActiveCfg = Release|Any CPU
		{6ECB7A21-30F1-4FF7-9499-2E81C48B880C}.Release|Any CPU.Build.0 = Release|Any CPU
	EndGlobalSection
	GlobalSection(NestedProjects) = preSolution
		{69F4D8AB-53FB-4978-83B1-685E20291910} = {87CBEC69-E1ED-4C4C-8BA2-6B9B4BE572DC}
		{8244D2C3-231B-4566-B0E1-CDA0D492978C} = {87CBEC69-E1ED-4C4C-8BA2-6B9B4BE572DC}
		{96708534-AA30-448A-9303-52BD16480328} = {4F733432-9B5E-41DA-B640-0AA76127DE3C}
		{BEF1401B-7FB2-4BBD-9DD6-387DD0716408} = {4F733432-9B5E-41DA-B640-0AA76127DE3C}
		{D1DB3894-8FA8-4E5A-BEB3-9ECA3F6CA7C1} = {440BFB58-EF5A-44B9-8821-F7B2352DA923}
		{6ECB7A21-30F1-4FF7-9499-2E81C48B880C} = {8C081078-CE0C-42ED-83AA-B5154933CC99}
	EndGlobalSection
EndGlobal
